{
    "_meta": {
        "hash": {
            "sha256": "94cbc44f662683ca2a3a88019a950b315fca3fde4459d97d6ad52f77df6945bc"
        },
        "pipfile-spec": 6,
        "requires": {
            "python_version": "3.10"
        },
        "sources": [
            {
                "name": "pypi",
                "url": "https://pypi.org/simple",
                "verify_ssl": true
            }
        ]
    },
    "default": {
        "asgiref": {
            "hashes": [
                "sha256:30fc07797ad71a0abb8fe34aa03c8043308a8389abc7942d797ea9911540bc28",
                "sha256:ec75d9d0f04e2dbfedef1f20ee73a6594af80c333df47cdd31f37e6701f7c53a"
            ],
            "markers": "python_version >= '3.8'",
            "version": "==3.8.0"
        },
        "channels": {
            "hashes": [
                "sha256:0ce53507a7da7b148eaa454526e0e05f7da5e5d1c23440e4886cf146981d8420",
                "sha256:2253334ac76f67cba68c2072273f7e0e67dbdac77eeb7e318f511d2f9a53c5e4"
            ],
            "index": "pypi",
            "markers": "python_version >= '3.7'",
            "version": "==4.0.0"
        },
        "colorama": {
            "hashes": [
                "sha256:08695f5cb7ed6e0531a20572697297273c47b8cae5a63ffc6d6ed5c201be6e44",
                "sha256:4f1d9991f5acc0ca119f9d443620b77f9d6b33703e51011c16baf57afb285fc6"
            ],
            "markers": "python_version >= '2.7' and python_version not in '3.0, 3.1, 3.2, 3.3, 3.4, 3.5, 3.6'",
            "version": "==0.4.6"
        },
        "colorlog": {
            "hashes": [
                "sha256:3e3e079a41feb5a1b64f978b5ea4f46040a94f11f0e8bbb8261e3dbbeca64d44",
                "sha256:4dcbb62368e2800cb3c5abd348da7e53f6c362dda502ec27c560b2e58a66bd33"
            ],
            "markers": "python_version >= '3.6'",
            "version": "==6.8.2"
        },
        "cython": {
            "hashes": [
                "sha256:000af6deb7412eb7ac0c635ff5e637fb8725dd0a7b88cc58dfc2b3de14e701c4",
                "sha256:00b105b5d050645dd59e6767bc0f18b48a4aa11c85f42ec7dd8181606f4059e3",
                "sha256:02c6e809f060bed073dc7cba1648077fe3b68208863d517c8b39f3920eecf9dd",
                "sha256:09c44501d476d16aaa4cbc29c87f8c0f54fc20e69b650d59cbfa4863426fc70c",
                "sha256:1315aee506506e8d69cf6631d8769e6b10131fdcc0eb66df2698f2a3ddaeeff2",
                "sha256:1365d5f76bf4d19df3d19ce932584c9bb76e9fb096185168918ef9b36e06bfa4",
                "sha256:157973807c2796addbed5fbc4d9c882ab34bbc60dc297ca729504901479d5df7",
                "sha256:158c38360bbc5063341b1e78d3737f1251050f89f58a3df0d10fb171c44262be",
                "sha256:15c7f5c2d35bed9aa5f2a51eaac0df23ae72f2dbacf62fc672dd6bfaa75d2d6f",
                "sha256:1dc320a9905ab95414013f6de805efbff9e17bb5fb3b90bbac533f017bec8136",
                "sha256:22b8fae756c5c0d8968691bed520876de452f216c28ec896a00739a12dba3bd9",
                "sha256:296bd30d4445ac61b66c9d766567f6e81a6e262835d261e903c60c891a6729d3",
                "sha256:2cc92504b5d22ac66031ffb827bd3a967fc75a5f0f76ab48bce62df19be6fdfd",
                "sha256:2fd198c1a7f8e9382904d622cc0efa3c184605881fd5262c64cbb7168c4c1ec5",
                "sha256:33b6ac376538a7fc8c567b85d3c71504308a9318702ec0485dd66c059f3165cb",
                "sha256:357e2fad46a25030b0c0496487e01a9dc0fdd0c09df0897f554d8ba3c1bc4872",
                "sha256:35e6665a20d6b8a152d72b7fd87dbb2af6bb6b18a235b71add68122d594dbd41",
                "sha256:36f5a2dfc724bea1f710b649f02d802d80fc18320c8e6396684ba4a48412445a",
                "sha256:38df37d0e732fbd9a2fef898788492e82b770c33d1e4ed12444bbc8a3b3f89c0",
                "sha256:44457279da56e0f829bb1fc5a5dc0836e5d498dbcf9b2324f32f7cc9d2ec6569",
                "sha256:4558814fa025b193058d42eeee498a53d6b04b2980d01339fc2444b23fd98e58",
                "sha256:4ae349960ebe0da0d33724eaa7f1eb866688fe5434cc67ce4dbc06d6a719fbfc",
                "sha256:4cf0ed273bf60e97922fcbbdd380c39693922a597760160b4b4355e6078ca188",
                "sha256:4f836192140f033b2319a0128936367c295c2b32e23df05b03b672a6015757ea",
                "sha256:5055988b007c92256b6e9896441c3055556038c3497fcbf8c921a6c1fce90719",
                "sha256:530c01c4aebba709c0ec9c7ecefe07177d0b9fd7ffee29450a118d92192ccbdf",
                "sha256:539cd1d74fd61f6cfc310fa6bbbad5adc144627f2b7486a07075d4e002fd6aad",
                "sha256:56f3b643dbe14449248bbeb9a63fe3878a24256664bc8c8ef6efd45d102596d8",
                "sha256:5eb9bd4ae12ebb2bc79a193d95aacf090fbd8d7013e11ed5412711650cb34934",
                "sha256:63d2537bf688247f76ded6dee28ebd26274f019309aef1eb4f2f9c5c482fde2d",
                "sha256:757ca93bdd80702546df4d610d2494ef2e74249cac4d5ba9464589fb464bd8a3",
                "sha256:858c3766b9aa3ab8a413392c72bbab1c144a9766b7c7bfdef64e2e414363fa0c",
                "sha256:8bf30b045f7deda0014b042c1b41c1d272facc762ab657529e3b05505888e878",
                "sha256:8edd59d22950b400b03ca78d27dc694d2836a92ef0cac4f64cb4b2ff902f7e25",
                "sha256:95ed792c966f969cea7489c32ff90150b415c1f3567db8d5a9d489c7c1602dac",
                "sha256:976c8d2bedc91ff6493fc973d38b2dc01020324039e2af0e049704a8e1b22936",
                "sha256:9a001fd95c140c94d934078544ff60a3c46aca2dc86e75a76e4121d3cd1f4b33",
                "sha256:9cda0d92a09f3520f29bd91009f1194ba9600777c02c30c6d2d4ac65fb63e40d",
                "sha256:a274fe9ca5c53fafbcf5c8f262f8ad6896206a466f0eeb40aaf36a7951e957c0",
                "sha256:a2d354f059d1f055d34cfaa62c5b68bc78ac2ceab6407148d47fb508cf3ba4f3",
                "sha256:a30d96938c633e3ec37000ac3796525da71254ef109e66bdfd78f29891af6454",
                "sha256:ac5536d09bef240cae0416d5a703d298b74c7bbc397da803ac9d344e732d4369",
                "sha256:ad7fd88ebaeaf2e76fd729a8919fae80dab3d6ac0005e28494261d52ff347a8f",
                "sha256:bf96417714353c5454c2e3238fca9338599330cf51625cdc1ca698684465646f",
                "sha256:c0eb1e6ef036028a52525fd9a012a556f6dd4788a0e8755fe864ba0e70cde2ff",
                "sha256:c232e7f279388ac9625c3e5a5a9f0078a9334959c5d6458052c65bbbba895e1e",
                "sha256:c3232926cd406ee02eabb732206f6e882c3aed9d58f0fea764013d9240405bcf",
                "sha256:c4b419a1adc2af43f4660e2f6eaf1e4fac2dbac59490771eb8ac3d6063f22356",
                "sha256:c8191941073ea5896321de3c8c958fd66e5f304b0cd1f22c59edd0b86c4dd90d",
                "sha256:cc9c3b9f20d8e298618e5ccd32083ca386e785b08f9893fbec4c50b6b85be772",
                "sha256:d6f3ff1cd6123973fe03e0fb8ee936622f976c0c41138969975824d08886572b",
                "sha256:d9360606d964c2d0492a866464efcf9d0a92715644eede3f6a2aa696de54a137",
                "sha256:deaf4197d4b0bcd5714a497158ea96a2bd6d0f9636095437448f7e06453cc83d",
                "sha256:e32b016030bc72a8a22a1f21f470a2f57573761a4f00fbfe8347263f4fbdb9f1",
                "sha256:ec612418490941ed16c50c8d3784c7bdc4c4b2a10c361259871790b02ec8c1db",
                "sha256:f496b52845cb45568a69d6359a2c335135233003e708ea02155c10ce3548aa89",
                "sha256:f49aa4970cd3bec66ac22e701def16dca2a49c59cceba519898dd7526e0be2c0",
                "sha256:f92f4960c40ad027bd8c364c50db11104eadc59ffeb9e5b7f605ca2f05946e20"
            ],
            "index": "pypi",
            "markers": "python_version >= '2.7' and python_version not in '3.0, 3.1, 3.2, 3.3'",
            "version": "==3.0.9"
        },
        "django": {
            "hashes": [
                "sha256:5c7d748ad113a81b2d44750ccc41edc14e933f56581683db548c9257e078cc83",
                "sha256:5fb37580dcf4a262f9258c1f4373819aacca906431f505e4688e37f3a99195df"
            ],
            "index": "pypi",
            "markers": "python_version >= '3.10'",
            "version": "==5.0.3"
        },
        "django-cors-headers": {
            "hashes": [
                "sha256:0b1fd19297e37417fc9f835d39e45c8c642938ddba1acce0c1753d3edef04f36",
                "sha256:0bf65ef45e606aff1994d35503e6b677c0b26cafff6506f8fd7187f3be840207"
            ],
            "index": "pypi",
            "markers": "python_version >= '3.8'",
            "version": "==4.3.1"
        },
        "djangorestframework": {
            "hashes": [
                "sha256:3f4a263012e1b263bf49a4907eb4cfe14de840a09b1ba64596d01a9c54835919",
                "sha256:5fa616048a7ec287fdaab3148aa5151efb73f7f8be1e23a9d18484e61e672695"
            ],
            "index": "pypi",
            "markers": "python_version >= '3.6'",
            "version": "==3.15.0"
        },
        "djangorestframework-simplejwt": {
            "hashes": [
                "sha256:381bc966aa46913905629d472cd72ad45faa265509764e20ffd440164c88d220",
                "sha256:6c4bd37537440bc439564ebf7d6085e74c5411485197073f508ebdfa34bc9fae"
            ],
            "index": "pypi",
            "markers": "python_version >= '3.8'",
            "version": "==5.3.1"
        },
        "drf-yasg": {
            "hashes": [
                "sha256:4c3b93068b3dfca6969ab111155e4dd6f7b2d680b98778de8fd460b7837bdb0d",
                "sha256:f85642072c35e684356475781b7ecf5d218fff2c6185c040664dd49f0a4be181"
            ],
            "index": "pypi",
            "markers": "python_version >= '3.6'",
            "version": "==1.21.7"
        },
        "easydev": {
            "hashes": [
                "sha256:5e0d75fc6111647e21a7c06fe6cb40df64100eae33860b75806e437c13374a0f",
                "sha256:f5b15b1552d0bf731e5c470ab2521d8674fd2d5effba009ba93ae71b3b4514f8"
            ],
            "index": "pypi",
            "markers": "python_version >= '3.8' and python_version < '4.0'",
            "version": "==0.13.1"
        },
        "inflection": {
            "hashes": [
                "sha256:1a29730d366e996aaacffb2f1f1cb9593dc38e2ddd30c91250c6dde09ea9b417",
                "sha256:f38b2b640938a4f35ade69ac3d053042959b62a0f1076a5bbaa1b9526605a8a2"
            ],
            "markers": "python_version >= '3.5'",
            "version": "==0.5.1"
        },
        "line-profiler": {
            "hashes": [
                "sha256:060d71ba11ff5476d7c10774a34955566bab545ab5ff39231306b4d84081725d",
                "sha256:0720b356db3e9ca297c3260f280c5be3bb4b230eda61ce73b4df5e553418d37a",
                "sha256:09f742af37166768f92495bd3d3a71da1ba41d3004307a66c108f29ed947d6e1",
                "sha256:0bce5c04d0daf6dd19348540012b0a6d69206ae40db096de222e6d5f824922e8",
                "sha256:0e4cafd9a1effe1b9646f6a86716dbd291684fde1f8a297930d845d8a9340299",
                "sha256:163d26586511b68551735052a1bcca173c9d8366573ab4a91c470c7f7bd89967",
                "sha256:1a1eb88cec273300377b364eee9ceffce2e639906bf210e7d7233c88dc87e62f",
                "sha256:2ed7027f7d1b3ae9a379a2f407f512b84ccf82d6a3a7b53a90bb17ada61928a9",
                "sha256:32fa07f6fecfd209329559e4ae945dc7bdc0703355c8924bbf19101495b2373f",
                "sha256:390f5e5dc047a62ffb7dbd236b4d44c6175d4f66aabe654f4b35df9b9aa79d02",
                "sha256:3af457b2dfad6e2019f7e5bbe9eabac9b2c34824fb2ea574aee7b17998c48c98",
                "sha256:3df9b30cdd8b3652e658acb38a9533bac47f2b8f5c320c5a03dbdd378ac11b35",
                "sha256:4344c1504ad1a57029a8ab30812d967a0917cad7b654077e8787e4a7d7ea3469",
                "sha256:443a5df10eb7910df694340c8a81c1668a88bb59ca44149a3291f7b2ae960891",
                "sha256:44ee51bce974d6b2269492299d4abae6db1b06ae7617760c7436c597dbdbd032",
                "sha256:46a8cad2cb4b6a1229ddccf06694b1d01fd5acd1cf8c502caf937765a7c877de",
                "sha256:4729820d8da3ed92f14e30dbd28a851eeefe2ba70b8b897f2d9c886ade8007c1",
                "sha256:4753113c4e2c30a547937dbc456900d7f3a1b99bc8bc81a640a89306cd729c0f",
                "sha256:49c6c6e19c3c0d7cc8f1641ece9e52fec5e99c56472e26156c16473b7568d374",
                "sha256:4eb9df035861f7c2e9852773dff72a3324e2e5aebc0b8c7c2ba22437387ef5e7",
                "sha256:4fe92a239d8097a3a0cacb280e0a2455be6633da3c844b784ba011043d090b36",
                "sha256:55ca0a78eb8d52515486c374ec53fa9e65e3c4128e8bbc909d8bfce267a91fdd",
                "sha256:5643cb19c89f6749039452913803a8cfb554c07676f6c00bc96e0632a054abb6",
                "sha256:62776d67dfc6c358de5c19d606eccbd95e6feb75928064850be0232e9276f751",
                "sha256:6f8e9e8af6660629f214e424613c56a6622cf36d9c638c569c926b21374d7029",
                "sha256:78cfd263c79927f74f174e32b83e4692e26ada2fefcdfef0c1dae5cfabb37a37",
                "sha256:7f0989302404850a2a041ba60afe6c7240aea10fdd9432d5c1d464aca39a0369",
                "sha256:8cc0c24384e29e99da5627669dbf312a23d11138de0169aa58d4ea5187522ba0",
                "sha256:8fa3128e93e49ad8b5216e40dc9d2bc2e354e896c1512feead3d6db1668ce649",
                "sha256:900ad7be6d609fb1442200c7757de3534b381d6eeac22fa0135c5d0a900b5787",
                "sha256:934870b5e451c938f149c5475cc0286133d8718ba99ff4ec04fb1a87f7bfb985",
                "sha256:93c6a49009ee75dcd8ff644c5fd39eeb8bb672d5a41bacdd239db14ae1ba3098",
                "sha256:9c8ffc44a030789f7bc6594de581b39e8da0591fc6c598dd4243cf140b200528",
                "sha256:9dd72adc753019788ff0498dd686068c4d8e65d38c0eca1b4b58b5719c14fa7d",
                "sha256:9f4b25ee412b0cd624614edd16c4c0af02dbeb73db2a08a49a14b120005a5630",
                "sha256:a102fd8e13abd367379e39fd9426fd60e1e3a39fcd80fa25641618969464c022",
                "sha256:a65b70d6ecef4f2e61cf504a5c77085718f1dae9508b21c9058ad483ae7e16ee",
                "sha256:a906f9d1687eea7e5b22e3bd367d4b63706fcea1906baaad76b1cc4c1142553d",
                "sha256:aa56578b0ff5a756fe180b3fda7bd67c27bbd478b3d0124612d8cf00e4a21df2",
                "sha256:ad13e1d5a174336508bbf275202822c8898cd1f014881059103b748310d5bc84",
                "sha256:b433a2918e522d6dd0e6bdcf1216cede15c4f201f7eeb0d816114fbac5031cd7",
                "sha256:b96964cdb306741a01b95d210d634cc79ed70d2904336cbd8f69a9b5f284426d",
                "sha256:c7f213eeb846c9bc950fd210dfcd0fa93b1d2991f218b8788c0759f06bd00557",
                "sha256:d77824dfc1f58dc7fe62fb053aa54586979ef60fea221dcdbba2022608c1314f",
                "sha256:d7ed1edd85f9a005a3e1316b3962a5fc42a159257cf2dfd13d10fcbefaece8ce",
                "sha256:dbda8e0bb98b1790ba8819d0a72ee3e11e669c79fc703eaf0e5ed747cac2d441",
                "sha256:dce014572ee599b2d571cf45fbd0c7d5f1a1e822dabe82581e18dd0229b16799",
                "sha256:e3b2c8cc34a776c5cfaa4a4a09a51541efcc9082dce15b19e494000e82576ced",
                "sha256:e733c0e6626d0e9f1b434da40b93ed1c00ea503f3ced04f5a58c22d1163fe1c1",
                "sha256:e8537be16b46133ab86d6e805ca83b012b17ef36a7445dd5c89c45ba70b97aad",
                "sha256:ec6f137dbbdc0af6b88a1053c1430681c07a3b2d1719dc1f59be70d464851a23",
                "sha256:f4a11389f06831d7984b63be0743fbbbae1ffb56fad04b4e538d3e6933b5c265",
                "sha256:fad96accb1f5cdedfe2e6607f9be86d28196d3f743229e2b67bd28a40f76f133"
            ],
            "markers": "python_version >= '3.6'",
            "version": "==4.1.2"
        },
        "more-itertools": {
            "hashes": [
                "sha256:686b06abe565edfab151cb8fd385a05651e1fdf8f0a14191e4439283421f8684",
                "sha256:8fccb480c43d3e99a00087634c06dd02b0d50fbf088b380de5a41a015ec239e1"
            ],
            "index": "pypi",
            "markers": "python_version >= '3.8'",
            "version": "==10.2.0"
        },
        "packaging": {
            "hashes": [
                "sha256:2ddfb553fdf02fb784c234c7ba6ccc288296ceabec964ad2eae3777778130bc5",
                "sha256:eb82c5e3e56209074766e6885bb04b8c38a0c015d0a30036ebe7ece34c9989e9"
            ],
            "markers": "python_version >= '3.7'",
            "version": "==24.0"
        },
        "peewee": {
            "hashes": [
                "sha256:e009ac4227c4fdc0058a56e822ad5987684f0a1fbb20fed577200785102581c3"
            ],
            "index": "pypi",
            "version": "==3.17.1"
        },
        "pexpect": {
            "hashes": [
                "sha256:7236d1e080e4936be2dc3e326cec0af72acf9212a7e1d060210e70a47e253523",
                "sha256:ee7d41123f3c9911050ea2c2dac107568dc43b2d3b0c7557a33212c398ead30f"
            ],
            "version": "==4.9.0"
        },
        "platformdirs": {
            "hashes": [
                "sha256:0614df2a2f37e1a662acbd8e2b25b92ccf8632929bc6d43467e17fe89c75e068",
                "sha256:ef0cc731df711022c174543cb70a9b5bd22e5a9337c8624ef2c2ceb8ddad8768"
            ],
            "markers": "python_version >= '3.8'",
            "version": "==4.2.0"
        },
        "ptyprocess": {
            "hashes": [
                "sha256:4b41f3967fce3af57cc7e94b888626c18bf37a083e3651ca8feeb66d492fef35",
                "sha256:5c5d0a3b48ceee0b48485e0c26037c0acd7d29765ca3fbb5cb3831d347423220"
            ],
            "version": "==0.7.0"
        },
        "pyjwt": {
            "hashes": [
                "sha256:57e28d156e3d5c10088e0c68abb90bfac3df82b40a71bd0daa20c65ccd5c23de",
                "sha256:59127c392cc44c2da5bb3192169a91f429924e17aff6534d70fdc02ab3e04320"
            ],
            "markers": "python_version >= '3.7'",
            "version": "==2.8.0"
        },
        "pytz": {
            "hashes": [
                "sha256:2a29735ea9c18baf14b448846bde5a48030ed267578472d8955cd0e7443a9812",
                "sha256:328171f4e3623139da4983451950b28e95ac706e13f3f2630a879749e7a8b319"
            ],
            "version": "==2024.1"
        },
        "pyyaml": {
            "hashes": [
                "sha256:04ac92ad1925b2cff1db0cfebffb6ffc43457495c9b3c39d3fcae417d7125dc5",
                "sha256:062582fca9fabdd2c8b54a3ef1c978d786e0f6b3a1510e0ac93ef59e0ddae2bc",
                "sha256:0d3304d8c0adc42be59c5f8a4d9e3d7379e6955ad754aa9d6ab7a398b59dd1df",
                "sha256:1635fd110e8d85d55237ab316b5b011de701ea0f29d07611174a1b42f1444741",
                "sha256:184c5108a2aca3c5b3d3bf9395d50893a7ab82a38004c8f61c258d4428e80206",
                "sha256:18aeb1bf9a78867dc38b259769503436b7c72f7a1f1f4c93ff9a17de54319b27",
                "sha256:1d4c7e777c441b20e32f52bd377e0c409713e8bb1386e1099c2415f26e479595",
                "sha256:1e2722cc9fbb45d9b87631ac70924c11d3a401b2d7f410cc0e3bbf249f2dca62",
                "sha256:1fe35611261b29bd1de0070f0b2f47cb6ff71fa6595c077e42bd0c419fa27b98",
                "sha256:28c119d996beec18c05208a8bd78cbe4007878c6dd15091efb73a30e90539696",
                "sha256:326c013efe8048858a6d312ddd31d56e468118ad4cdeda36c719bf5bb6192290",
                "sha256:40df9b996c2b73138957fe23a16a4f0ba614f4c0efce1e9406a184b6d07fa3a9",
                "sha256:42f8152b8dbc4fe7d96729ec2b99c7097d656dc1213a3229ca5383f973a5ed6d",
                "sha256:49a183be227561de579b4a36efbb21b3eab9651dd81b1858589f796549873dd6",
                "sha256:4fb147e7a67ef577a588a0e2c17b6db51dda102c71de36f8549b6816a96e1867",
                "sha256:50550eb667afee136e9a77d6dc71ae76a44df8b3e51e41b77f6de2932bfe0f47",
                "sha256:510c9deebc5c0225e8c96813043e62b680ba2f9c50a08d3724c7f28a747d1486",
                "sha256:5773183b6446b2c99bb77e77595dd486303b4faab2b086e7b17bc6bef28865f6",
                "sha256:596106435fa6ad000c2991a98fa58eeb8656ef2325d7e158344fb33864ed87e3",
                "sha256:6965a7bc3cf88e5a1c3bd2e0b5c22f8d677dc88a455344035f03399034eb3007",
                "sha256:69b023b2b4daa7548bcfbd4aa3da05b3a74b772db9e23b982788168117739938",
                "sha256:6c22bec3fbe2524cde73d7ada88f6566758a8f7227bfbf93a408a9d86bcc12a0",
                "sha256:704219a11b772aea0d8ecd7058d0082713c3562b4e271b849ad7dc4a5c90c13c",
                "sha256:7e07cbde391ba96ab58e532ff4803f79c4129397514e1413a7dc761ccd755735",
                "sha256:81e0b275a9ecc9c0c0c07b4b90ba548307583c125f54d5b6946cfee6360c733d",
                "sha256:855fb52b0dc35af121542a76b9a84f8d1cd886ea97c84703eaa6d88e37a2ad28",
                "sha256:8d4e9c88387b0f5c7d5f281e55304de64cf7f9c0021a3525bd3b1c542da3b0e4",
                "sha256:9046c58c4395dff28dd494285c82ba00b546adfc7ef001486fbf0324bc174fba",
                "sha256:9eb6caa9a297fc2c2fb8862bc5370d0303ddba53ba97e71f08023b6cd73d16a8",
                "sha256:a08c6f0fe150303c1c6b71ebcd7213c2858041a7e01975da3a99aed1e7a378ef",
                "sha256:a0cd17c15d3bb3fa06978b4e8958dcdc6e0174ccea823003a106c7d4d7899ac5",
                "sha256:afd7e57eddb1a54f0f1a974bc4391af8bcce0b444685d936840f125cf046d5bd",
                "sha256:b1275ad35a5d18c62a7220633c913e1b42d44b46ee12554e5fd39c70a243d6a3",
                "sha256:b786eecbdf8499b9ca1d697215862083bd6d2a99965554781d0d8d1ad31e13a0",
                "sha256:ba336e390cd8e4d1739f42dfe9bb83a3cc2e80f567d8805e11b46f4a943f5515",
                "sha256:baa90d3f661d43131ca170712d903e6295d1f7a0f595074f151c0aed377c9b9c",
                "sha256:bc1bf2925a1ecd43da378f4db9e4f799775d6367bdb94671027b73b393a7c42c",
                "sha256:bd4af7373a854424dabd882decdc5579653d7868b8fb26dc7d0e99f823aa5924",
                "sha256:bf07ee2fef7014951eeb99f56f39c9bb4af143d8aa3c21b1677805985307da34",
                "sha256:bfdf460b1736c775f2ba9f6a92bca30bc2095067b8a9d77876d1fad6cc3b4a43",
                "sha256:c8098ddcc2a85b61647b2590f825f3db38891662cfc2fc776415143f599bb859",
                "sha256:d2b04aac4d386b172d5b9692e2d2da8de7bfb6c387fa4f801fbf6fb2e6ba4673",
                "sha256:d483d2cdf104e7c9fa60c544d92981f12ad66a457afae824d146093b8c294c54",
                "sha256:d858aa552c999bc8a8d57426ed01e40bef403cd8ccdd0fc5f6f04a00414cac2a",
                "sha256:e7d73685e87afe9f3b36c799222440d6cf362062f78be1013661b00c5c6f678b",
                "sha256:f003ed9ad21d6a4713f0a9b5a7a0a79e08dd0f221aff4525a2be4c346ee60aab",
                "sha256:f22ac1c3cac4dbc50079e965eba2c1058622631e526bd9afd45fedd49ba781fa",
                "sha256:faca3bdcf85b2fc05d06ff3fbc1f83e1391b3e724afa3feba7d13eeab355484c",
                "sha256:fca0e3a251908a499833aa292323f32437106001d436eca0e6e7833256674585",
                "sha256:fd1592b3fdf65fff2ad0004b5e363300ef59ced41c2e6b3a99d4089fa8c5435d",
                "sha256:fd66fc5d0da6d9815ba2cebeb4205f95818ff4b79c3ebe268e75d961704af52f"
            ],
            "markers": "python_version >= '3.6'",
            "version": "==6.0.1"
        },
        "sqlparse": {
            "hashes": [
                "sha256:5430a4fe2ac7d0f93e66f1efc6e1338a41884b7ddf2a350cedd20ccc4d9d28f3",
                "sha256:d446183e84b8349fa3061f0fe7f06ca94ba65b426946ffebe6e3e8295332420c"
            ],
            "markers": "python_version >= '3.5'",
            "version": "==0.4.4"
        },
        "uritemplate": {
            "hashes": [
                "sha256:4346edfc5c3b79f694bccd6d6099a322bbeb628dbf2cd86eea55a456ce5124f0",
                "sha256:830c08b8d99bdd312ea4ead05994a38e8936266f84b9a7878232db50b044e02e"
            ],
            "markers": "python_version >= '3.6'",
            "version": "==4.1.1"
        }
    },
    "develop": {}
}
